
Microsoft Visual Studio Solution File, Format Version 12.00
# Visual Studio 2013
VisualStudioVersion = 12.0.31101.0
MinimumVisualStudioVersion = 10.0.40219.1
Project("{FAE04EC0-301F-11D3-BF4B-00C04F79EFBC}") = "FancyChat.Services", "FancyChat.Services\FancyChat.Services.csproj", "{FC34EEE1-A02F-44BD-AD09-56D32E6E4726}"
EndProject
Project("{FAE04EC0-301F-11D3-BF4B-00C04F79EFBC}") = "FancyChat.Models", "FancyChat.Models\FancyChat.Models.csproj", "{9BF2DD62-9719-4D58-9640-E10FF2682316}"
EndProject
Project("{FAE04EC0-301F-11D3-BF4B-00C04F79EFBC}") = "FancyChat.Data", "FancyChat.Data\FancyChat.Data.csproj", "{3F7FDFA0-5E7B-415F-9B08-47E15C8E9359}"
EndProject
Project("{CC5FD16D-436D-48AD-A40C-5A424C6E3E79}") = "FancyChat.Services.Azure", "FancyChat.Services.Azure\FancyChat.Services.Azure.ccproj", "{1D5162B0-20FB-4456-B00E-046EA759B1DE}"
EndProject
Global
	GlobalSection(SolutionConfigurationPlatforms) = preSolution
		Debug|Any CPU = Debug|Any CPU
		Release|Any CPU = Release|Any CPU
	EndGlobalSection
	GlobalSection(ProjectConfigurationPlatforms) = postSolution
		{FC34EEE1-A02F-44BD-AD09-56D32E6E4726}.Debug|Any CPU.ActiveCfg = Debug|Any CPU
		{FC34EEE1-A02F-44BD-AD09-56D32E6E4726}.Debug|Any CPU.Build.0 = Debug|Any CPU
		{FC34EEE1-A02F-44BD-AD09-56D32E6E4726}.Release|Any CPU.ActiveCfg = Release|Any CPU
		{FC34EEE1-A02F-44BD-AD09-56D32E6E4726}.Release|Any CPU.Build.0 = Release|Any CPU
		{9BF2DD62-9719-4D58-9640-E10FF2682316}.Debug|Any CPU.ActiveCfg = Debug|Any CPU
		{9BF2DD62-9719-4D58-9640-E10FF2682316}.Debug|Any CPU.Build.0 = Debug|Any CPU
		{9BF2DD62-9719-4D58-9640-E10FF2682316}.Release|Any CPU.ActiveCfg = Release|Any CPU
		{9BF2DD62-9719-4D58-9640-E10FF2682316}.Release|Any CPU.Build.0 = Release|Any CPU
		{3F7FDFA0-5E7B-415F-9B08-47E15C8E9359}.Debug|Any CPU.ActiveCfg = Debug|Any CPU
		{3F7FDFA0-5E7B-415F-9B08-47E15C8E9359}.Debug|Any CPU.Build.0 = Debug|Any CPU
		{3F7FDFA0-5E7B-415F-9B08-47E15C8E9359}.Release|Any CPU.ActiveCfg = Release|Any CPU
		{3F7FDFA0-5E7B-415F-9B08-47E15C8E9359}.Release|Any CPU.Build.0 = Release|Any CPU
		{1D5162B0-20FB-4456-B00E-046EA759B1DE}.Debug|Any CPU.ActiveCfg = Debug|Any CPU
		{1D5162B0-20FB-4456-B00E-046EA759B1DE}.Debug|Any CPU.Build.0 = Debug|Any CPU
		{1D5162B0-20FB-4456-B00E-046EA759B1DE}.Release|Any CPU.ActiveCfg = Release|Any CPU
		{1D5162B0-20FB-4456-B00E-046EA759B1DE}.Release|Any CPU.Build.0 = Release|Any CPU
	EndGlobalSection
	GlobalSection(SolutionProperties) = preSolution
		HideSolutionNode = FALSE
	EndGlobalSection
EndGlobal
